d


































s















s























































































































as






























































hjsdh




































































































































































































dhdhdh













































































































































sjsjs





















































































































































































































































































sjssjs





























































































































[






















]










































aaa


































































































hdhd













































































































kskks













































































































































































































































































































































































































































































jsjs
